
Microsoft Visual Studio Solution File, Format Version 12.00
# Visual Studio 2012
Project("{FAE04EC0-301F-11D3-BF4B-00C04F79EFBC}") = "ProyectoGrupo15", "ProyectoGrupo15\ProyectoGrupo15.csproj", "{97F58939-5F67-4D58-890B-7E9251F390A6}"
EndProject
Global
	GlobalSection(SolutionConfigurationPlatforms) = preSolution
		Debug|Any CPU = Debug|Any CPU
		Release|Any CPU = Release|Any CPU
	EndGlobalSection
	GlobalSection(ProjectConfigurationPlatforms) = postSolution
		{97F58939-5F67-4D58-890B-7E9251F390A6}.Debug|Any CPU.ActiveCfg = Debug|Any CPU
		{97F58939-5F67-4D58-890B-7E9251F390A6}.Debug|Any CPU.Build.0 = Debug|Any CPU
		{97F58939-5F67-4D58-890B-7E9251F390A6}.Release|Any CPU.ActiveCfg = Release|Any CPU
		{97F58939-5F67-4D58-890B-7E9251F390A6}.Release|Any CPU.Build.0 = Release|Any CPU
	EndGlobalSection
EndGlobal
